
Microsoft Visual Studio Solution File, Format Version 12.00
# Visual Studio Version 17
VisualStudioVersion = 17.1.32228.430
MinimumVisualStudioVersion = 10.0.40219.1
Project("{FAE04EC0-301F-11D3-BF4B-00C04F79EFBC}") = "reproBuy", "reproBuy\reproBuy.csproj", "{869D93E0-5453-4903-AD67-50EA7CB22A62}"
EndProject
Global
	GlobalSection(SolutionConfigurationPlatforms) = preSolution
		Debug|Any CPU = Debug|Any CPU
		Release|Any CPU = Release|Any CPU
	EndGlobalSection
	GlobalSection(ProjectConfigurationPlatforms) = postSolution
		{869D93E0-5453-4903-AD67-50EA7CB22A62}.Debug|Any CPU.ActiveCfg = Debug|Any CPU
		{869D93E0-5453-4903-AD67-50EA7CB22A62}.Debug|Any CPU.Build.0 = Debug|Any CPU
		{869D93E0-5453-4903-AD67-50EA7CB22A62}.Release|Any CPU.ActiveCfg = Release|Any CPU
		{869D93E0-5453-4903-AD67-50EA7CB22A62}.Release|Any CPU.Build.0 = Release|Any CPU
	EndGlobalSection
	GlobalSection(SolutionProperties) = preSolution
		HideSolutionNode = FALSE
	EndGlobalSection
	GlobalSection(ExtensibilityGlobals) = postSolution
		SolutionGuid = {2761BF50-166A-433B-BB45-B984DDDEBFA4}
	EndGlobalSection
EndGlobal
